
Microsoft Visual Studio Solution File, Format Version 12.00
# Visual Studio Version 17
VisualStudioVersion = 17.2.32630.192
MinimumVisualStudioVersion = 10.0.40219.1
Project("{FAE04EC0-301F-11D3-BF4B-00C04F79EFBC}") = "NumberTriangle", "NumberTriangle.csproj", "{F9E562DE-9B0A-404F-AD74-D5BDAFC0C72B}"
EndProject
Global
	GlobalSection(SolutionConfigurationPlatforms) = preSolution
		Debug|Any CPU = Debug|Any CPU
		Release|Any CPU = Release|Any CPU
	EndGlobalSection
	GlobalSection(ProjectConfigurationPlatforms) = postSolution
		{F9E562DE-9B0A-404F-AD74-D5BDAFC0C72B}.Debug|Any CPU.ActiveCfg = Debug|Any CPU
		{F9E562DE-9B0A-404F-AD74-D5BDAFC0C72B}.Debug|Any CPU.Build.0 = Debug|Any CPU
		{F9E562DE-9B0A-404F-AD74-D5BDAFC0C72B}.Release|Any CPU.ActiveCfg = Release|Any CPU
		{F9E562DE-9B0A-404F-AD74-D5BDAFC0C72B}.Release|Any CPU.Build.0 = Release|Any CPU
	EndGlobalSection
	GlobalSection(SolutionProperties) = preSolution
		HideSolutionNode = FALSE
	EndGlobalSection
	GlobalSection(ExtensibilityGlobals) = postSolution
		SolutionGuid = {FF1C032B-F9DD-4B9F-B6B8-D69F57BE0439}
	EndGlobalSection
EndGlobal
